// !$*UTF8*$!
{
	archiveVersion = 1;
	classes = {
	};
	objectVersion = 46;
	objects = {

/* Begin PBXAggregateTarget section */
		"SoracomSDKSwift::SoracomSDKSwiftPackageTests::ProductTarget" /* SoracomSDKSwiftPackageTests */ = {
			isa = PBXAggregateTarget;
			buildConfigurationList = OBJ_145 /* Build configuration list for PBXAggregateTarget "SoracomSDKSwiftPackageTests" */;
			buildPhases = (
			);
			dependencies = (
				OBJ_148 /* PBXTargetDependency */,
			);
			name = SoracomSDKSwiftPackageTests;
			productName = SoracomSDKSwiftPackageTests;
		};
/* End PBXAggregateTarget section */

/* Begin PBXBuildFile section */
		931421371F2AD5F8002E5BBE /* KeyedEncodingContainer+Payload.swift in Sources */ = {isa = PBXBuildFile; fileRef = 931421361F2AD5F8002E5BBE /* KeyedEncodingContainer+Payload.swift */; };
		931421381F2AD5F8002E5BBE /* KeyedEncodingContainer+Payload.swift in Sources */ = {isa = PBXBuildFile; fileRef = 931421361F2AD5F8002E5BBE /* KeyedEncodingContainer+Payload.swift */; };
		932F74931F2C2F9B0031E770 /* JSONComparison.swift in Sources */ = {isa = PBXBuildFile; fileRef = 932F74921F2C2F9B0031E770 /* JSONComparison.swift */; };
		932F74941F2C2F9B0031E770 /* JSONComparison.swift in Sources */ = {isa = PBXBuildFile; fileRef = 932F74921F2C2F9B0031E770 /* JSONComparison.swift */; };
		93683B7D1F1723D000775159 /* APIError.swift in Sources */ = {isa = PBXBuildFile; fileRef = OBJ_9 /* APIError.swift */; };
		93683B7E1F1723D000775159 /* APIOperation.swift in Sources */ = {isa = PBXBuildFile; fileRef = OBJ_10 /* APIOperation.swift */; };
		93683B801F1723D000775159 /* BeamStats.swift in Sources */ = {isa = PBXBuildFile; fileRef = OBJ_12 /* BeamStats.swift */; };
		93683B811F1723D000775159 /* Client.swift in Sources */ = {isa = PBXBuildFile; fileRef = OBJ_13 /* Client.swift */; };
		93683B821F1723D000775159 /* Constants.swift in Sources */ = {isa = PBXBuildFile; fileRef = OBJ_14 /* Constants.swift */; };
		93683B831F1723D000775159 /* Credential.swift in Sources */ = {isa = PBXBuildFile; fileRef = OBJ_15 /* Credential.swift */; };
		93683B841F1723D000775159 /* Data+SoracomSDK.swift in Sources */ = {isa = PBXBuildFile; fileRef = OBJ_16 /* Data+SoracomSDK.swift */; };
		93683B851F1723D000775159 /* Group.swift in Sources */ = {isa = PBXBuildFile; fileRef = OBJ_17 /* Group.swift */; };
		93683B861F1723D000775159 /* Keychain.swift in Sources */ = {isa = PBXBuildFile; fileRef = OBJ_18 /* Keychain.swift */; };
		93683B871F1723D000775159 /* NSDate+SoracomAPI.swift in Sources */ = {isa = PBXBuildFile; fileRef = OBJ_19 /* NSDate+SoracomAPI.swift */; };
		93683B881F1723D000775159 /* Payload.swift in Sources */ = {isa = PBXBuildFile; fileRef = OBJ_20 /* Payload.swift */; };
		93683B891F1723D000775159 /* PayloadConvertible.swift in Sources */ = {isa = PBXBuildFile; fileRef = OBJ_21 /* PayloadConvertible.swift */; };
		93683B8A1F1723D000775159 /* PayloadKey.swift in Sources */ = {isa = PBXBuildFile; fileRef = OBJ_22 /* PayloadKey.swift */; };
		93683B8B1F1723D000775159 /* Request+Auth.swift in Sources */ = {isa = PBXBuildFile; fileRef = OBJ_23 /* Request+Auth.swift */; };
		93683B8C1F1723D000775159 /* Request+Credentials.swift in Sources */ = {isa = PBXBuildFile; fileRef = OBJ_24 /* Request+Credentials.swift */; };
		93683B8D1F1723D000775159 /* Request+Group.swift in Sources */ = {isa = PBXBuildFile; fileRef = OBJ_25 /* Request+Group.swift */; };
		93683B8E1F1723D000775159 /* Request+Operator.swift in Sources */ = {isa = PBXBuildFile; fileRef = OBJ_26 /* Request+Operator.swift */; };
		93683B8F1F1723D000775159 /* Request+Payment.swift in Sources */ = {isa = PBXBuildFile; fileRef = OBJ_27 /* Request+Payment.swift */; };
		93683B901F1723D000775159 /* Request+Sandbox.swift in Sources */ = {isa = PBXBuildFile; fileRef = OBJ_28 /* Request+Sandbox.swift */; };
		93683B911F1723D000775159 /* Request+Subscriber.swift in Sources */ = {isa = PBXBuildFile; fileRef = OBJ_29 /* Request+Subscriber.swift */; };
		93683B921F1723D000775159 /* Request.swift in Sources */ = {isa = PBXBuildFile; fileRef = OBJ_30 /* Request.swift */; };
		93683B931F1723D000775159 /* RequestQueue.swift in Sources */ = {isa = PBXBuildFile; fileRef = OBJ_31 /* RequestQueue.swift */; };
		93683B941F1723D000775159 /* RequestResponseFormatter.swift in Sources */ = {isa = PBXBuildFile; fileRef = OBJ_32 /* RequestResponseFormatter.swift */; };
		93683B951F1723D000775159 /* Response.swift in Sources */ = {isa = PBXBuildFile; fileRef = OBJ_33 /* Response.swift */; };
		93683B961F1723D000775159 /* SoracomCredentials.swift in Sources */ = {isa = PBXBuildFile; fileRef = OBJ_34 /* SoracomCredentials.swift */; };
		93683B971F1723D000775159 /* Subscriber.swift in Sources */ = {isa = PBXBuildFile; fileRef = OBJ_35 /* Subscriber.swift */; };
		93683B981F1723D000775159 /* TextStyle.swift in Sources */ = {isa = PBXBuildFile; fileRef = OBJ_36 /* TextStyle.swift */; };
		93683B9A1F18C2AE00775159 /* Codable+SoracomSDK.swift in Sources */ = {isa = PBXBuildFile; fileRef = 93683B991F18C2AE00775159 /* Codable+SoracomSDK.swift */; };
		93683B9B1F18C2AE00775159 /* Codable+SoracomSDK.swift in Sources */ = {isa = PBXBuildFile; fileRef = 93683B991F18C2AE00775159 /* Codable+SoracomSDK.swift */; };
		936DEAEF1F2AFF7A004FD2FE /* KeyedEncodingContainer+PayloadTests.swift in Sources */ = {isa = PBXBuildFile; fileRef = 936DEAEE1F2AFF7A004FD2FE /* KeyedEncodingContainer+PayloadTests.swift */; };
		936DEAF71F2B101E004FD2FE /* ResponsePayloadTests.swift in Sources */ = {isa = PBXBuildFile; fileRef = 936DEAF61F2B101E004FD2FE /* ResponsePayloadTests.swift */; };
		936DEAFA1F2B12A4004FD2FE /* Fixtures.swift in Sources */ = {isa = PBXBuildFile; fileRef = 936DEAF91F2B12A4004FD2FE /* Fixtures.swift */; };
		93770A771F2DA06500CBC9E3 /* JSONComparisonTests.swift in Sources */ = {isa = PBXBuildFile; fileRef = 93770A761F2DA06500CBC9E3 /* JSONComparisonTests.swift */; };
		93770A781F2DA06500CBC9E3 /* JSONComparisonTests.swift in Sources */ = {isa = PBXBuildFile; fileRef = 93770A761F2DA06500CBC9E3 /* JSONComparisonTests.swift */; };
		93770A7A1F2DA34A00CBC9E3 /* UnkeyedEncodingContainer+Payload.swift in Sources */ = {isa = PBXBuildFile; fileRef = 93770A791F2DA34A00CBC9E3 /* UnkeyedEncodingContainer+Payload.swift */; };
		93770A7B1F2DA34A00CBC9E3 /* UnkeyedEncodingContainer+Payload.swift in Sources */ = {isa = PBXBuildFile; fileRef = 93770A791F2DA34A00CBC9E3 /* UnkeyedEncodingContainer+Payload.swift */; };
		93AF42811F1DCCCB00A3BEE3 /* HTTPMethod.swift in Sources */ = {isa = PBXBuildFile; fileRef = 93AF42801F1DCCCB00A3BEE3 /* HTTPMethod.swift */; };
		93AF42821F1DCCCB00A3BEE3 /* HTTPMethod.swift in Sources */ = {isa = PBXBuildFile; fileRef = 93AF42801F1DCCCB00A3BEE3 /* HTTPMethod.swift */; };
		93AF42841F1DCEF200A3BEE3 /* SerializationTests.swift in Sources */ = {isa = PBXBuildFile; fileRef = 93AF42831F1DCEF200A3BEE3 /* SerializationTests.swift */; };
		93AF42861F1DD4F000A3BEE3 /* AuthResponse.swift in Sources */ = {isa = PBXBuildFile; fileRef = 93AF42851F1DD4F000A3BEE3 /* AuthResponse.swift */; };
		93AF42871F1DD50100A3BEE3 /* AuthResponse.swift in Sources */ = {isa = PBXBuildFile; fileRef = 93AF42851F1DD4F000A3BEE3 /* AuthResponse.swift */; };
		93DC95731F2880FF00C6D9F5 /* DataTrafficStats.swift in Sources */ = {isa = PBXBuildFile; fileRef = 93DC95721F2880FF00C6D9F5 /* DataTrafficStats.swift */; };
		93DC95741F2880FF00C6D9F5 /* DataTrafficStats.swift in Sources */ = {isa = PBXBuildFile; fileRef = 93DC95721F2880FF00C6D9F5 /* DataTrafficStats.swift */; };
		93DC95761F2881E700C6D9F5 /* AirStats.swift in Sources */ = {isa = PBXBuildFile; fileRef = 93DC95751F2881E700C6D9F5 /* AirStats.swift */; };
		93DC95771F2881E700C6D9F5 /* AirStats.swift in Sources */ = {isa = PBXBuildFile; fileRef = 93DC95751F2881E700C6D9F5 /* AirStats.swift */; };
		93DC95791F28837C00C6D9F5 /* PaymentMethodInfoWebPay.swift in Sources */ = {isa = PBXBuildFile; fileRef = 93DC95781F28837C00C6D9F5 /* PaymentMethodInfoWebPay.swift */; };
		93DC957A1F28837C00C6D9F5 /* PaymentMethodInfoWebPay.swift in Sources */ = {isa = PBXBuildFile; fileRef = 93DC95781F28837C00C6D9F5 /* PaymentMethodInfoWebPay.swift */; };
		93DC957C1F28857600C6D9F5 /* Tag.swift in Sources */ = {isa = PBXBuildFile; fileRef = 93DC957B1F28857600C6D9F5 /* Tag.swift */; };
		93DC957D1F28857600C6D9F5 /* Tag.swift in Sources */ = {isa = PBXBuildFile; fileRef = 93DC957B1F28857600C6D9F5 /* Tag.swift */; };
		93DC957F1F2885E000C6D9F5 /* ConfigurationParameter.swift in Sources */ = {isa = PBXBuildFile; fileRef = 93DC957E1F2885E000C6D9F5 /* ConfigurationParameter.swift */; };
		93DC95801F2885E000C6D9F5 /* ConfigurationParameter.swift in Sources */ = {isa = PBXBuildFile; fileRef = 93DC957E1F2885E000C6D9F5 /* ConfigurationParameter.swift */; };
		93DC95821F28867700C6D9F5 /* CoverageType.swift in Sources */ = {isa = PBXBuildFile; fileRef = 93DC95811F28867700C6D9F5 /* CoverageType.swift */; };
		93DC95831F28867700C6D9F5 /* CoverageType.swift in Sources */ = {isa = PBXBuildFile; fileRef = 93DC95811F28867700C6D9F5 /* CoverageType.swift */; };
		OBJ_100 /* Request+CredentialsTests.swift in Sources */ = {isa = PBXBuildFile; fileRef = OBJ_57 /* Request+CredentialsTests.swift */; };
		OBJ_101 /* Request+GroupTests.swift in Sources */ = {isa = PBXBuildFile; fileRef = OBJ_58 /* Request+GroupTests.swift */; };
		OBJ_102 /* Request+SandboxTests.swift in Sources */ = {isa = PBXBuildFile; fileRef = OBJ_59 /* Request+SandboxTests.swift */; };
		OBJ_103 /* Request+SubscriberTests.swift in Sources */ = {isa = PBXBuildFile; fileRef = OBJ_60 /* Request+SubscriberTests.swift */; };
		OBJ_104 /* RequestTests.swift in Sources */ = {isa = PBXBuildFile; fileRef = OBJ_61 /* RequestTests.swift */; };
		OBJ_105 /* ResponseTests.swift in Sources */ = {isa = PBXBuildFile; fileRef = OBJ_62 /* ResponseTests.swift */; };
		OBJ_106 /* SoracomCredentialsTests.swift in Sources */ = {isa = PBXBuildFile; fileRef = OBJ_63 /* SoracomCredentialsTests.swift */; };
		OBJ_107 /* SubscriberTests.swift in Sources */ = {isa = PBXBuildFile; fileRef = OBJ_64 /* SubscriberTests.swift */; };
		OBJ_109 /* SoracomSDKSwift.framework in Frameworks */ = {isa = PBXBuildFile; fileRef = "SoracomSDKSwift::SoracomSDKSwift::Product" /* SoracomSDKSwift.framework */; };
		OBJ_115 /* APIError.swift in Sources */ = {isa = PBXBuildFile; fileRef = OBJ_9 /* APIError.swift */; };
		OBJ_116 /* APIOperation.swift in Sources */ = {isa = PBXBuildFile; fileRef = OBJ_10 /* APIOperation.swift */; };
		OBJ_118 /* BeamStats.swift in Sources */ = {isa = PBXBuildFile; fileRef = OBJ_12 /* BeamStats.swift */; };
		OBJ_119 /* Client.swift in Sources */ = {isa = PBXBuildFile; fileRef = OBJ_13 /* Client.swift */; };
		OBJ_120 /* Constants.swift in Sources */ = {isa = PBXBuildFile; fileRef = OBJ_14 /* Constants.swift */; };
		OBJ_121 /* Credential.swift in Sources */ = {isa = PBXBuildFile; fileRef = OBJ_15 /* Credential.swift */; };
		OBJ_122 /* Data+SoracomSDK.swift in Sources */ = {isa = PBXBuildFile; fileRef = OBJ_16 /* Data+SoracomSDK.swift */; };
		OBJ_123 /* Group.swift in Sources */ = {isa = PBXBuildFile; fileRef = OBJ_17 /* Group.swift */; };
		OBJ_124 /* Keychain.swift in Sources */ = {isa = PBXBuildFile; fileRef = OBJ_18 /* Keychain.swift */; };
		OBJ_125 /* NSDate+SoracomAPI.swift in Sources */ = {isa = PBXBuildFile; fileRef = OBJ_19 /* NSDate+SoracomAPI.swift */; };
		OBJ_126 /* Payload.swift in Sources */ = {isa = PBXBuildFile; fileRef = OBJ_20 /* Payload.swift */; };
		OBJ_127 /* PayloadConvertible.swift in Sources */ = {isa = PBXBuildFile; fileRef = OBJ_21 /* PayloadConvertible.swift */; };
		OBJ_128 /* PayloadKey.swift in Sources */ = {isa = PBXBuildFile; fileRef = OBJ_22 /* PayloadKey.swift */; };
		OBJ_129 /* Request+Auth.swift in Sources */ = {isa = PBXBuildFile; fileRef = OBJ_23 /* Request+Auth.swift */; };
		OBJ_130 /* Request+Credentials.swift in Sources */ = {isa = PBXBuildFile; fileRef = OBJ_24 /* Request+Credentials.swift */; };
		OBJ_131 /* Request+Group.swift in Sources */ = {isa = PBXBuildFile; fileRef = OBJ_25 /* Request+Group.swift */; };
		OBJ_132 /* Request+Operator.swift in Sources */ = {isa = PBXBuildFile; fileRef = OBJ_26 /* Request+Operator.swift */; };
		OBJ_133 /* Request+Payment.swift in Sources */ = {isa = PBXBuildFile; fileRef = OBJ_27 /* Request+Payment.swift */; };
		OBJ_134 /* Request+Sandbox.swift in Sources */ = {isa = PBXBuildFile; fileRef = OBJ_28 /* Request+Sandbox.swift */; };
		OBJ_135 /* Request+Subscriber.swift in Sources */ = {isa = PBXBuildFile; fileRef = OBJ_29 /* Request+Subscriber.swift */; };
		OBJ_136 /* Request.swift in Sources */ = {isa = PBXBuildFile; fileRef = OBJ_30 /* Request.swift */; };
		OBJ_137 /* RequestQueue.swift in Sources */ = {isa = PBXBuildFile; fileRef = OBJ_31 /* RequestQueue.swift */; };
		OBJ_138 /* RequestResponseFormatter.swift in Sources */ = {isa = PBXBuildFile; fileRef = OBJ_32 /* RequestResponseFormatter.swift */; };
		OBJ_139 /* Response.swift in Sources */ = {isa = PBXBuildFile; fileRef = OBJ_33 /* Response.swift */; };
		OBJ_140 /* SoracomCredentials.swift in Sources */ = {isa = PBXBuildFile; fileRef = OBJ_34 /* SoracomCredentials.swift */; };
		OBJ_141 /* Subscriber.swift in Sources */ = {isa = PBXBuildFile; fileRef = OBJ_35 /* Subscriber.swift */; };
		OBJ_142 /* TextStyle.swift in Sources */ = {isa = PBXBuildFile; fileRef = OBJ_36 /* TextStyle.swift */; };
		OBJ_75 /* main.swift in Sources */ = {isa = PBXBuildFile; fileRef = OBJ_39 /* main.swift */; };
		OBJ_77 /* SoracomSDKSwift.framework in Frameworks */ = {isa = PBXBuildFile; fileRef = "SoracomSDKSwift::SoracomSDKSwift::Product" /* SoracomSDKSwift.framework */; };
		OBJ_85 /* APIErrorTests.swift in Sources */ = {isa = PBXBuildFile; fileRef = OBJ_42 /* APIErrorTests.swift */; };
		OBJ_86 /* APIOperationTests.swift in Sources */ = {isa = PBXBuildFile; fileRef = OBJ_43 /* APIOperationTests.swift */; };
		OBJ_87 /* APIStructuresTests.swift in Sources */ = {isa = PBXBuildFile; fileRef = OBJ_44 /* APIStructuresTests.swift */; };
		OBJ_89 /* BaseTestCase.swift in Sources */ = {isa = PBXBuildFile; fileRef = OBJ_46 /* BaseTestCase.swift */; };
		OBJ_90 /* BaseTestCaseTests.swift in Sources */ = {isa = PBXBuildFile; fileRef = OBJ_47 /* BaseTestCaseTests.swift */; };
		OBJ_91 /* BeamStatsTest.swift in Sources */ = {isa = PBXBuildFile; fileRef = OBJ_48 /* BeamStatsTest.swift */; };
		OBJ_92 /* CredentialTests.swift in Sources */ = {isa = PBXBuildFile; fileRef = OBJ_49 /* CredentialTests.swift */; };
		OBJ_93 /* DevelopmentEnvironmentTests.swift in Sources */ = {isa = PBXBuildFile; fileRef = OBJ_50 /* DevelopmentEnvironmentTests.swift */; };
		OBJ_94 /* IssueDebuggingTests.swift in Sources */ = {isa = PBXBuildFile; fileRef = OBJ_51 /* IssueDebuggingTests.swift */; };
		OBJ_95 /* KeychainTests.swift in Sources */ = {isa = PBXBuildFile; fileRef = OBJ_52 /* KeychainTests.swift */; };
		OBJ_96 /* NSDate+SoracomAPITests.swift in Sources */ = {isa = PBXBuildFile; fileRef = OBJ_53 /* NSDate+SoracomAPITests.swift */; };
		OBJ_97 /* PayloadTests.swift in Sources */ = {isa = PBXBuildFile; fileRef = OBJ_54 /* PayloadTests.swift */; };
		OBJ_98 /* RegisterSIMTests.swift in Sources */ = {isa = PBXBuildFile; fileRef = OBJ_55 /* RegisterSIMTests.swift */; };
		OBJ_99 /* Request+AuthTests.swift in Sources */ = {isa = PBXBuildFile; fileRef = OBJ_56 /* Request+AuthTests.swift */; };
/* End PBXBuildFile section */

/* Begin PBXContainerItemProxy section */
		93683B781F16102D00775159 /* PBXContainerItemProxy */ = {
			isa = PBXContainerItemProxy;
			containerPortal = OBJ_1 /* Project object */;
			proxyType = 1;
			remoteGlobalIDString = "SoracomSDKSwift::SoracomSDKSwift";
			remoteInfo = SoracomSDKSwift;
		};
		93683B791F16102D00775159 /* PBXContainerItemProxy */ = {
			isa = PBXContainerItemProxy;
			containerPortal = OBJ_1 /* Project object */;
			proxyType = 1;
			remoteGlobalIDString = "SoracomSDKSwift::SoracomSDKSwift";
			remoteInfo = SoracomSDKSwift;
		};
		93683B7A1F16102D00775159 /* PBXContainerItemProxy */ = {
			isa = PBXContainerItemProxy;
			containerPortal = OBJ_1 /* Project object */;
			proxyType = 1;
			remoteGlobalIDString = "SoracomSDKSwift::SoracomSDKSwiftTests";
			remoteInfo = SoracomSDKSwiftTests;
		};
/* End PBXContainerItemProxy section */

/* Begin PBXFileReference section */
		931421361F2AD5F8002E5BBE /* KeyedEncodingContainer+Payload.swift */ = {isa = PBXFileReference; lastKnownFileType = sourcecode.swift; path = "KeyedEncodingContainer+Payload.swift"; sourceTree = "<group>"; };
		932F74921F2C2F9B0031E770 /* JSONComparison.swift */ = {isa = PBXFileReference; lastKnownFileType = sourcecode.swift; path = JSONComparison.swift; sourceTree = "<group>"; };
		93683B7B1F1611FD00775159 /* README.md */ = {isa = PBXFileReference; lastKnownFileType = net.daringfireball.markdown; path = README.md; sourceTree = "<group>"; };
		93683B7C1F17237A00775159 /* LinuxMain.swift */ = {isa = PBXFileReference; lastKnownFileType = sourcecode.swift; path = LinuxMain.swift; sourceTree = "<group>"; };
		93683B991F18C2AE00775159 /* Codable+SoracomSDK.swift */ = {isa = PBXFileReference; lastKnownFileType = sourcecode.swift; path = "Codable+SoracomSDK.swift"; sourceTree = "<group>"; };
		936DEAEE1F2AFF7A004FD2FE /* KeyedEncodingContainer+PayloadTests.swift */ = {isa = PBXFileReference; lastKnownFileType = sourcecode.swift; path = "KeyedEncodingContainer+PayloadTests.swift"; sourceTree = "<group>"; };
		936DEAF61F2B101E004FD2FE /* ResponsePayloadTests.swift */ = {isa = PBXFileReference; lastKnownFileType = sourcecode.swift; path = ResponsePayloadTests.swift; sourceTree = "<group>"; };
		936DEAF91F2B12A4004FD2FE /* Fixtures.swift */ = {isa = PBXFileReference; lastKnownFileType = sourcecode.swift; path = Fixtures.swift; sourceTree = "<group>"; };
		93770A761F2DA06500CBC9E3 /* JSONComparisonTests.swift */ = {isa = PBXFileReference; lastKnownFileType = sourcecode.swift; path = JSONComparisonTests.swift; sourceTree = "<group>"; };
		93770A791F2DA34A00CBC9E3 /* UnkeyedEncodingContainer+Payload.swift */ = {isa = PBXFileReference; lastKnownFileType = sourcecode.swift; path = "UnkeyedEncodingContainer+Payload.swift"; sourceTree = "<group>"; };
		93AF42801F1DCCCB00A3BEE3 /* HTTPMethod.swift */ = {isa = PBXFileReference; lastKnownFileType = sourcecode.swift; path = HTTPMethod.swift; sourceTree = "<group>"; };
		93AF42831F1DCEF200A3BEE3 /* SerializationTests.swift */ = {isa = PBXFileReference; lastKnownFileType = sourcecode.swift; path = SerializationTests.swift; sourceTree = "<group>"; };
		93AF42851F1DD4F000A3BEE3 /* AuthResponse.swift */ = {isa = PBXFileReference; lastKnownFileType = sourcecode.swift; path = AuthResponse.swift; sourceTree = "<group>"; };
		93DC95721F2880FF00C6D9F5 /* DataTrafficStats.swift */ = {isa = PBXFileReference; lastKnownFileType = sourcecode.swift; path = DataTrafficStats.swift; sourceTree = "<group>"; };
		93DC95751F2881E700C6D9F5 /* AirStats.swift */ = {isa = PBXFileReference; lastKnownFileType = sourcecode.swift; path = AirStats.swift; sourceTree = "<group>"; };
		93DC95781F28837C00C6D9F5 /* PaymentMethodInfoWebPay.swift */ = {isa = PBXFileReference; lastKnownFileType = sourcecode.swift; path = PaymentMethodInfoWebPay.swift; sourceTree = "<group>"; };
		93DC957B1F28857600C6D9F5 /* Tag.swift */ = {isa = PBXFileReference; lastKnownFileType = sourcecode.swift; path = Tag.swift; sourceTree = "<group>"; };
		93DC957E1F2885E000C6D9F5 /* ConfigurationParameter.swift */ = {isa = PBXFileReference; lastKnownFileType = sourcecode.swift; path = ConfigurationParameter.swift; sourceTree = "<group>"; };
		93DC95811F28867700C6D9F5 /* CoverageType.swift */ = {isa = PBXFileReference; lastKnownFileType = sourcecode.swift; name = CoverageType.swift; path = Sources/CoverageType.swift; sourceTree = "<group>"; };
		OBJ_10 /* APIOperation.swift */ = {isa = PBXFileReference; lastKnownFileType = sourcecode.swift; path = APIOperation.swift; sourceTree = "<group>"; };
		OBJ_12 /* BeamStats.swift */ = {isa = PBXFileReference; lastKnownFileType = sourcecode.swift; path = BeamStats.swift; sourceTree = "<group>"; };
		OBJ_13 /* Client.swift */ = {isa = PBXFileReference; lastKnownFileType = sourcecode.swift; path = Client.swift; sourceTree = "<group>"; };
		OBJ_14 /* Constants.swift */ = {isa = PBXFileReference; lastKnownFileType = sourcecode.swift; path = Constants.swift; sourceTree = "<group>"; };
		OBJ_15 /* Credential.swift */ = {isa = PBXFileReference; lastKnownFileType = sourcecode.swift; path = Credential.swift; sourceTree = "<group>"; };
		OBJ_16 /* Data+SoracomSDK.swift */ = {isa = PBXFileReference; lastKnownFileType = sourcecode.swift; path = "Data+SoracomSDK.swift"; sourceTree = "<group>"; };
		OBJ_17 /* Group.swift */ = {isa = PBXFileReference; lastKnownFileType = sourcecode.swift; path = Group.swift; sourceTree = "<group>"; };
		OBJ_18 /* Keychain.swift */ = {isa = PBXFileReference; lastKnownFileType = sourcecode.swift; path = Keychain.swift; sourceTree = "<group>"; };
		OBJ_19 /* NSDate+SoracomAPI.swift */ = {isa = PBXFileReference; lastKnownFileType = sourcecode.swift; path = "NSDate+SoracomAPI.swift"; sourceTree = "<group>"; };
		OBJ_20 /* Payload.swift */ = {isa = PBXFileReference; lastKnownFileType = sourcecode.swift; path = Payload.swift; sourceTree = "<group>"; };
		OBJ_21 /* PayloadConvertible.swift */ = {isa = PBXFileReference; lastKnownFileType = sourcecode.swift; path = PayloadConvertible.swift; sourceTree = "<group>"; };
		OBJ_22 /* PayloadKey.swift */ = {isa = PBXFileReference; lastKnownFileType = sourcecode.swift; path = PayloadKey.swift; sourceTree = "<group>"; };
		OBJ_23 /* Request+Auth.swift */ = {isa = PBXFileReference; lastKnownFileType = sourcecode.swift; path = "Request+Auth.swift"; sourceTree = "<group>"; };
		OBJ_24 /* Request+Credentials.swift */ = {isa = PBXFileReference; lastKnownFileType = sourcecode.swift; path = "Request+Credentials.swift"; sourceTree = "<group>"; };
		OBJ_25 /* Request+Group.swift */ = {isa = PBXFileReference; lastKnownFileType = sourcecode.swift; path = "Request+Group.swift"; sourceTree = "<group>"; };
		OBJ_26 /* Request+Operator.swift */ = {isa = PBXFileReference; lastKnownFileType = sourcecode.swift; path = "Request+Operator.swift"; sourceTree = "<group>"; };
		OBJ_27 /* Request+Payment.swift */ = {isa = PBXFileReference; lastKnownFileType = sourcecode.swift; path = "Request+Payment.swift"; sourceTree = "<group>"; };
		OBJ_28 /* Request+Sandbox.swift */ = {isa = PBXFileReference; lastKnownFileType = sourcecode.swift; path = "Request+Sandbox.swift"; sourceTree = "<group>"; };
		OBJ_29 /* Request+Subscriber.swift */ = {isa = PBXFileReference; lastKnownFileType = sourcecode.swift; path = "Request+Subscriber.swift"; sourceTree = "<group>"; };
		OBJ_30 /* Request.swift */ = {isa = PBXFileReference; lastKnownFileType = sourcecode.swift; path = Request.swift; sourceTree = "<group>"; };
		OBJ_31 /* RequestQueue.swift */ = {isa = PBXFileReference; lastKnownFileType = sourcecode.swift; path = RequestQueue.swift; sourceTree = "<group>"; };
		OBJ_32 /* RequestResponseFormatter.swift */ = {isa = PBXFileReference; lastKnownFileType = sourcecode.swift; path = RequestResponseFormatter.swift; sourceTree = "<group>"; };
		OBJ_33 /* Response.swift */ = {isa = PBXFileReference; lastKnownFileType = sourcecode.swift; path = Response.swift; sourceTree = "<group>"; };
		OBJ_34 /* SoracomCredentials.swift */ = {isa = PBXFileReference; lastKnownFileType = sourcecode.swift; path = SoracomCredentials.swift; sourceTree = "<group>"; };
		OBJ_35 /* Subscriber.swift */ = {isa = PBXFileReference; lastKnownFileType = sourcecode.swift; path = Subscriber.swift; sourceTree = "<group>"; };
		OBJ_36 /* TextStyle.swift */ = {isa = PBXFileReference; lastKnownFileType = sourcecode.swift; path = TextStyle.swift; sourceTree = "<group>"; };
		OBJ_39 /* main.swift */ = {isa = PBXFileReference; lastKnownFileType = sourcecode.swift; path = main.swift; sourceTree = "<group>"; };
		OBJ_42 /* APIErrorTests.swift */ = {isa = PBXFileReference; lastKnownFileType = sourcecode.swift; path = APIErrorTests.swift; sourceTree = "<group>"; };
		OBJ_43 /* APIOperationTests.swift */ = {isa = PBXFileReference; lastKnownFileType = sourcecode.swift; path = APIOperationTests.swift; sourceTree = "<group>"; };
		OBJ_44 /* APIStructuresTests.swift */ = {isa = PBXFileReference; lastKnownFileType = sourcecode.swift; path = APIStructuresTests.swift; sourceTree = "<group>"; };
		OBJ_46 /* BaseTestCase.swift */ = {isa = PBXFileReference; lastKnownFileType = sourcecode.swift; path = BaseTestCase.swift; sourceTree = "<group>"; };
		OBJ_47 /* BaseTestCaseTests.swift */ = {isa = PBXFileReference; lastKnownFileType = sourcecode.swift; path = BaseTestCaseTests.swift; sourceTree = "<group>"; };
		OBJ_48 /* BeamStatsTest.swift */ = {isa = PBXFileReference; lastKnownFileType = sourcecode.swift; path = BeamStatsTest.swift; sourceTree = "<group>"; };
		OBJ_49 /* CredentialTests.swift */ = {isa = PBXFileReference; lastKnownFileType = sourcecode.swift; path = CredentialTests.swift; sourceTree = "<group>"; };
		OBJ_50 /* DevelopmentEnvironmentTests.swift */ = {isa = PBXFileReference; lastKnownFileType = sourcecode.swift; path = DevelopmentEnvironmentTests.swift; sourceTree = "<group>"; };
		OBJ_51 /* IssueDebuggingTests.swift */ = {isa = PBXFileReference; lastKnownFileType = sourcecode.swift; path = IssueDebuggingTests.swift; sourceTree = "<group>"; };
		OBJ_52 /* KeychainTests.swift */ = {isa = PBXFileReference; lastKnownFileType = sourcecode.swift; path = KeychainTests.swift; sourceTree = "<group>"; };
		OBJ_53 /* NSDate+SoracomAPITests.swift */ = {isa = PBXFileReference; lastKnownFileType = sourcecode.swift; path = "NSDate+SoracomAPITests.swift"; sourceTree = "<group>"; };
		OBJ_54 /* PayloadTests.swift */ = {isa = PBXFileReference; lastKnownFileType = sourcecode.swift; path = PayloadTests.swift; sourceTree = "<group>"; };
		OBJ_55 /* RegisterSIMTests.swift */ = {isa = PBXFileReference; lastKnownFileType = sourcecode.swift; path = RegisterSIMTests.swift; sourceTree = "<group>"; };
		OBJ_56 /* Request+AuthTests.swift */ = {isa = PBXFileReference; lastKnownFileType = sourcecode.swift; path = "Request+AuthTests.swift"; sourceTree = "<group>"; };
		OBJ_57 /* Request+CredentialsTests.swift */ = {isa = PBXFileReference; lastKnownFileType = sourcecode.swift; path = "Request+CredentialsTests.swift"; sourceTree = "<group>"; };
		OBJ_58 /* Request+GroupTests.swift */ = {isa = PBXFileReference; lastKnownFileType = sourcecode.swift; path = "Request+GroupTests.swift"; sourceTree = "<group>"; };
		OBJ_59 /* Request+SandboxTests.swift */ = {isa = PBXFileReference; lastKnownFileType = sourcecode.swift; path = "Request+SandboxTests.swift"; sourceTree = "<group>"; };
		OBJ_6 /* Package.swift */ = {isa = PBXFileReference; explicitFileType = sourcecode.swift; path = Package.swift; sourceTree = "<group>"; };
		OBJ_60 /* Request+SubscriberTests.swift */ = {isa = PBXFileReference; lastKnownFileType = sourcecode.swift; path = "Request+SubscriberTests.swift"; sourceTree = "<group>"; };
		OBJ_61 /* RequestTests.swift */ = {isa = PBXFileReference; lastKnownFileType = sourcecode.swift; path = RequestTests.swift; sourceTree = "<group>"; };
		OBJ_62 /* ResponseTests.swift */ = {isa = PBXFileReference; lastKnownFileType = sourcecode.swift; path = ResponseTests.swift; sourceTree = "<group>"; };
		OBJ_63 /* SoracomCredentialsTests.swift */ = {isa = PBXFileReference; lastKnownFileType = sourcecode.swift; path = SoracomCredentialsTests.swift; sourceTree = "<group>"; };
		OBJ_64 /* SubscriberTests.swift */ = {isa = PBXFileReference; lastKnownFileType = sourcecode.swift; path = SubscriberTests.swift; sourceTree = "<group>"; };
		OBJ_65 /* Whatever */ = {isa = PBXFileReference; lastKnownFileType = folder; path = Whatever; sourceTree = SOURCE_ROOT; };
		OBJ_9 /* APIError.swift */ = {isa = PBXFileReference; lastKnownFileType = sourcecode.swift; path = APIError.swift; sourceTree = "<group>"; };
		"SoracomSDKSwift::LinuxDemoAppForSoracomSDK::Product" /* LinuxDemoAppForSoracomSDK */ = {isa = PBXFileReference; explicitFileType = "compiled.mach-o.executable"; path = LinuxDemoAppForSoracomSDK; sourceTree = BUILT_PRODUCTS_DIR; };
		"SoracomSDKSwift::SoracomSDKSwift::Product" /* SoracomSDKSwift.framework */ = {isa = PBXFileReference; explicitFileType = wrapper.framework; path = SoracomSDKSwift.framework; sourceTree = BUILT_PRODUCTS_DIR; };
		"SoracomSDKSwift::SoracomSDKSwiftTests::Product" /* SoracomSDKSwiftTests.xctest */ = {isa = PBXFileReference; lastKnownFileType = file; path = SoracomSDKSwiftTests.xctest; sourceTree = BUILT_PRODUCTS_DIR; };
/* End PBXFileReference section */

/* Begin PBXFrameworksBuildPhase section */
		OBJ_108 /* Frameworks */ = {
			isa = PBXFrameworksBuildPhase;
			buildActionMask = 0;
			files = (
				OBJ_109 /* SoracomSDKSwift.framework in Frameworks */,
			);
			runOnlyForDeploymentPostprocessing = 0;
		};
		OBJ_143 /* Frameworks */ = {
			isa = PBXFrameworksBuildPhase;
			buildActionMask = 0;
			files = (
			);
			runOnlyForDeploymentPostprocessing = 0;
		};
		OBJ_76 /* Frameworks */ = {
			isa = PBXFrameworksBuildPhase;
			buildActionMask = 0;
			files = (
				OBJ_77 /* SoracomSDKSwift.framework in Frameworks */,
			);
			runOnlyForDeploymentPostprocessing = 0;
		};
/* End PBXFrameworksBuildPhase section */

/* Begin PBXGroup section */
		OBJ_37 /* LinuxDemoAppForSoracomSDK */ = {
			isa = PBXGroup;
			children = (
				OBJ_38 /* Sources */,
			);
			name = LinuxDemoAppForSoracomSDK;
			path = Whatever/LinuxDemoAppForSoracomSDK;
			sourceTree = SOURCE_ROOT;
		};
		OBJ_38 /* Sources */ = {
			isa = PBXGroup;
			children = (
				OBJ_39 /* main.swift */,
			);
			path = Sources;
			sourceTree = "<group>";
		};
		OBJ_40 /* Tests */ = {
			isa = PBXGroup;
			children = (
				OBJ_41 /* SoracomSDKSwiftTests */,
			);
			path = Tests;
			sourceTree = SOURCE_ROOT;
		};
		OBJ_41 /* SoracomSDKSwiftTests */ = {
			isa = PBXGroup;
			children = (
				OBJ_42 /* APIErrorTests.swift */,
				OBJ_43 /* APIOperationTests.swift */,
				OBJ_44 /* APIStructuresTests.swift */,
				OBJ_46 /* BaseTestCase.swift */,
				936DEAF91F2B12A4004FD2FE /* Fixtures.swift */,
				OBJ_47 /* BaseTestCaseTests.swift */,
				OBJ_48 /* BeamStatsTest.swift */,
				OBJ_49 /* CredentialTests.swift */,
				OBJ_50 /* DevelopmentEnvironmentTests.swift */,
				OBJ_51 /* IssueDebuggingTests.swift */,
				OBJ_52 /* KeychainTests.swift */,
				936DEAEE1F2AFF7A004FD2FE /* KeyedEncodingContainer+PayloadTests.swift */,
				OBJ_53 /* NSDate+SoracomAPITests.swift */,
				OBJ_54 /* PayloadTests.swift */,
				OBJ_55 /* RegisterSIMTests.swift */,
				OBJ_56 /* Request+AuthTests.swift */,
				OBJ_57 /* Request+CredentialsTests.swift */,
				OBJ_58 /* Request+GroupTests.swift */,
				OBJ_59 /* Request+SandboxTests.swift */,
				OBJ_60 /* Request+SubscriberTests.swift */,
				OBJ_61 /* RequestTests.swift */,
				936DEAF61F2B101E004FD2FE /* ResponsePayloadTests.swift */,
				OBJ_62 /* ResponseTests.swift */,
				93AF42831F1DCEF200A3BEE3 /* SerializationTests.swift */,
				OBJ_63 /* SoracomCredentialsTests.swift */,
				OBJ_64 /* SubscriberTests.swift */,
				93770A761F2DA06500CBC9E3 /* JSONComparisonTests.swift */,
			);
			path = SoracomSDKSwiftTests;
			sourceTree = "<group>";
		};
		OBJ_5 = {
			isa = PBXGroup;
			children = (
				93DC95811F28867700C6D9F5 /* CoverageType.swift */,
				93683B7C1F17237A00775159 /* LinuxMain.swift */,
				93683B7B1F1611FD00775159 /* README.md */,
				OBJ_6 /* Package.swift */,
				OBJ_7 /* Sources */,
				OBJ_40 /* Tests */,
				OBJ_65 /* Whatever */,
				OBJ_66 /* Products */,
			);
			sourceTree = "<group>";
		};
		OBJ_66 /* Products */ = {
			isa = PBXGroup;
			children = (
				"SoracomSDKSwift::LinuxDemoAppForSoracomSDK::Product" /* LinuxDemoAppForSoracomSDK */,
				"SoracomSDKSwift::SoracomSDKSwiftTests::Product" /* SoracomSDKSwiftTests.xctest */,
				"SoracomSDKSwift::SoracomSDKSwift::Product" /* SoracomSDKSwift.framework */,
			);
			name = Products;
			sourceTree = BUILT_PRODUCTS_DIR;
		};
		OBJ_7 /* Sources */ = {
			isa = PBXGroup;
			children = (
				OBJ_8 /* SoracomSDKSwift */,
				OBJ_37 /* LinuxDemoAppForSoracomSDK */,
			);
			name = Sources;
			sourceTree = SOURCE_ROOT;
		};
		OBJ_8 /* SoracomSDKSwift */ = {
			isa = PBXGroup;
			children = (
				93DC95751F2881E700C6D9F5 /* AirStats.swift */,
				OBJ_9 /* APIError.swift */,
				OBJ_10 /* APIOperation.swift */,
				93AF42851F1DD4F000A3BEE3 /* AuthResponse.swift */,
				OBJ_12 /* BeamStats.swift */,
				OBJ_13 /* Client.swift */,
				93683B991F18C2AE00775159 /* Codable+SoracomSDK.swift */,
				93DC957E1F2885E000C6D9F5 /* ConfigurationParameter.swift */,
				OBJ_14 /* Constants.swift */,
				OBJ_15 /* Credential.swift */,
				OBJ_16 /* Data+SoracomSDK.swift */,
				93DC95721F2880FF00C6D9F5 /* DataTrafficStats.swift */,
				OBJ_17 /* Group.swift */,
				93AF42801F1DCCCB00A3BEE3 /* HTTPMethod.swift */,
				OBJ_18 /* Keychain.swift */,
				931421361F2AD5F8002E5BBE /* KeyedEncodingContainer+Payload.swift */,
				OBJ_19 /* NSDate+SoracomAPI.swift */,
				OBJ_20 /* Payload.swift */,
				OBJ_21 /* PayloadConvertible.swift */,
				OBJ_22 /* PayloadKey.swift */,
				93DC95781F28837C00C6D9F5 /* PaymentMethodInfoWebPay.swift */,
				OBJ_30 /* Request.swift */,
				OBJ_23 /* Request+Auth.swift */,
				OBJ_24 /* Request+Credentials.swift */,
				OBJ_25 /* Request+Group.swift */,
				OBJ_26 /* Request+Operator.swift */,
				OBJ_27 /* Request+Payment.swift */,
				OBJ_28 /* Request+Sandbox.swift */,
				OBJ_29 /* Request+Subscriber.swift */,
				OBJ_31 /* RequestQueue.swift */,
				OBJ_32 /* RequestResponseFormatter.swift */,
				OBJ_33 /* Response.swift */,
				OBJ_34 /* SoracomCredentials.swift */,
				OBJ_35 /* Subscriber.swift */,
				93DC957B1F28857600C6D9F5 /* Tag.swift */,
				OBJ_36 /* TextStyle.swift */,
				932F74921F2C2F9B0031E770 /* JSONComparison.swift */,
				93770A791F2DA34A00CBC9E3 /* UnkeyedEncodingContainer+Payload.swift */,
			);
			name = SoracomSDKSwift;
			path = Sources;
			sourceTree = SOURCE_ROOT;
		};
/* End PBXGroup section */

/* Begin PBXNativeTarget section */
		"SoracomSDKSwift::LinuxDemoAppForSoracomSDK" /* LinuxDemoAppForSoracomSDK */ = {
			isa = PBXNativeTarget;
			buildConfigurationList = OBJ_71 /* Build configuration list for PBXNativeTarget "LinuxDemoAppForSoracomSDK" */;
			buildPhases = (
				OBJ_74 /* Sources */,
				OBJ_76 /* Frameworks */,
			);
			buildRules = (
			);
			dependencies = (
				OBJ_78 /* PBXTargetDependency */,
			);
			name = LinuxDemoAppForSoracomSDK;
			productName = LinuxDemoAppForSoracomSDK;
			productReference = "SoracomSDKSwift::LinuxDemoAppForSoracomSDK::Product" /* LinuxDemoAppForSoracomSDK */;
			productType = "com.apple.product-type.tool";
		};
		"SoracomSDKSwift::SoracomSDKSwift" /* SoracomSDKSwift */ = {
			isa = PBXNativeTarget;
			buildConfigurationList = OBJ_111 /* Build configuration list for PBXNativeTarget "SoracomSDKSwift" */;
			buildPhases = (
				OBJ_114 /* Sources */,
				OBJ_143 /* Frameworks */,
			);
			buildRules = (
			);
			dependencies = (
			);
			name = SoracomSDKSwift;
			productName = SoracomSDKSwift;
			productReference = "SoracomSDKSwift::SoracomSDKSwift::Product" /* SoracomSDKSwift.framework */;
			productType = "com.apple.product-type.framework";
		};
		"SoracomSDKSwift::SoracomSDKSwiftTests" /* SoracomSDKSwiftTests */ = {
			isa = PBXNativeTarget;
			buildConfigurationList = OBJ_81 /* Build configuration list for PBXNativeTarget "SoracomSDKSwiftTests" */;
			buildPhases = (
				OBJ_84 /* Sources */,
				OBJ_108 /* Frameworks */,
			);
			buildRules = (
			);
			dependencies = (
				OBJ_110 /* PBXTargetDependency */,
			);
			name = SoracomSDKSwiftTests;
			productName = SoracomSDKSwiftTests;
			productReference = "SoracomSDKSwift::SoracomSDKSwiftTests::Product" /* SoracomSDKSwiftTests.xctest */;
			productType = "com.apple.product-type.bundle.unit-test";
		};
/* End PBXNativeTarget section */

/* Begin PBXProject section */
		OBJ_1 /* Project object */ = {
			isa = PBXProject;
			attributes = {
				LastUpgradeCheck = 9999;
			};
			buildConfigurationList = OBJ_2 /* Build configuration list for PBXProject "SoracomSDKSwift" */;
			compatibilityVersion = "Xcode 3.2";
			developmentRegion = English;
			hasScannedForEncodings = 0;
			knownRegions = (
				en,
			);
			mainGroup = OBJ_5;
			productRefGroup = OBJ_66 /* Products */;
			projectDirPath = "";
			projectRoot = "";
			targets = (
				"SoracomSDKSwift::LinuxDemoAppForSoracomSDK" /* LinuxDemoAppForSoracomSDK */,
				"SoracomSDKSwift::SoracomSDKSwiftTests" /* SoracomSDKSwiftTests */,
				"SoracomSDKSwift::SoracomSDKSwift" /* SoracomSDKSwift */,
				"SoracomSDKSwift::SoracomSDKSwiftPackageTests::ProductTarget" /* SoracomSDKSwiftPackageTests */,
			);
		};
/* End PBXProject section */

/* Begin PBXSourcesBuildPhase section */
		OBJ_114 /* Sources */ = {
			isa = PBXSourcesBuildPhase;
			buildActionMask = 0;
			files = (
				931421381F2AD5F8002E5BBE /* KeyedEncodingContainer+Payload.swift in Sources */,
				93683B9B1F18C2AE00775159 /* Codable+SoracomSDK.swift in Sources */,
				93770A7B1F2DA34A00CBC9E3 /* UnkeyedEncodingContainer+Payload.swift in Sources */,
				93770A781F2DA06500CBC9E3 /* JSONComparisonTests.swift in Sources */,
				OBJ_115 /* APIError.swift in Sources */,
				OBJ_116 /* APIOperation.swift in Sources */,
				93DC95771F2881E700C6D9F5 /* AirStats.swift in Sources */,
				93AF42861F1DD4F000A3BEE3 /* AuthResponse.swift in Sources */,
				OBJ_118 /* BeamStats.swift in Sources */,
				OBJ_119 /* Client.swift in Sources */,
				OBJ_120 /* Constants.swift in Sources */,
				OBJ_121 /* Credential.swift in Sources */,
				93AF42821F1DCCCB00A3BEE3 /* HTTPMethod.swift in Sources */,
				OBJ_122 /* Data+SoracomSDK.swift in Sources */,
				93DC95801F2885E000C6D9F5 /* ConfigurationParameter.swift in Sources */,
				OBJ_123 /* Group.swift in Sources */,
				OBJ_124 /* Keychain.swift in Sources */,
				OBJ_125 /* NSDate+SoracomAPI.swift in Sources */,
				OBJ_126 /* Payload.swift in Sources */,
				OBJ_127 /* PayloadConvertible.swift in Sources */,
				93DC957D1F28857600C6D9F5 /* Tag.swift in Sources */,
				OBJ_128 /* PayloadKey.swift in Sources */,
				93DC95831F28867700C6D9F5 /* CoverageType.swift in Sources */,
				OBJ_129 /* Request+Auth.swift in Sources */,
				OBJ_130 /* Request+Credentials.swift in Sources */,
				OBJ_131 /* Request+Group.swift in Sources */,
				OBJ_132 /* Request+Operator.swift in Sources */,
				OBJ_133 /* Request+Payment.swift in Sources */,
				OBJ_134 /* Request+Sandbox.swift in Sources */,
				932F74941F2C2F9B0031E770 /* JSONComparison.swift in Sources */,
				OBJ_135 /* Request+Subscriber.swift in Sources */,
				OBJ_136 /* Request.swift in Sources */,
				93DC95741F2880FF00C6D9F5 /* DataTrafficStats.swift in Sources */,
				OBJ_137 /* RequestQueue.swift in Sources */,
				OBJ_138 /* RequestResponseFormatter.swift in Sources */,
				OBJ_139 /* Response.swift in Sources */,
				OBJ_140 /* SoracomCredentials.swift in Sources */,
				OBJ_141 /* Subscriber.swift in Sources */,
				OBJ_142 /* TextStyle.swift in Sources */,
				93DC957A1F28837C00C6D9F5 /* PaymentMethodInfoWebPay.swift in Sources */,
			);
			runOnlyForDeploymentPostprocessing = 0;
		};
		OBJ_74 /* Sources */ = {
			isa = PBXSourcesBuildPhase;
			buildActionMask = 0;
			files = (
				OBJ_75 /* main.swift in Sources */,
			);
			runOnlyForDeploymentPostprocessing = 0;
		};
		OBJ_84 /* Sources */ = {
			isa = PBXSourcesBuildPhase;
			buildActionMask = 0;
			files = (
				OBJ_85 /* APIErrorTests.swift in Sources */,
				93770A7A1F2DA34A00CBC9E3 /* UnkeyedEncodingContainer+Payload.swift in Sources */,
				OBJ_86 /* APIOperationTests.swift in Sources */,
				OBJ_87 /* APIStructuresTests.swift in Sources */,
				93683B801F1723D000775159 /* BeamStats.swift in Sources */,
				93683B8B1F1723D000775159 /* Request+Auth.swift in Sources */,
				93DC957F1F2885E000C6D9F5 /* ConfigurationParameter.swift in Sources */,
				93683B961F1723D000775159 /* SoracomCredentials.swift in Sources */,
				93683B901F1723D000775159 /* Request+Sandbox.swift in Sources */,
				93683B921F1723D000775159 /* Request.swift in Sources */,
				93683B861F1723D000775159 /* Keychain.swift in Sources */,
				936DEAFA1F2B12A4004FD2FE /* Fixtures.swift in Sources */,
				93683B821F1723D000775159 /* Constants.swift in Sources */,
				93683B8F1F1723D000775159 /* Request+Payment.swift in Sources */,
				93683B8E1F1723D000775159 /* Request+Operator.swift in Sources */,
				93683B881F1723D000775159 /* Payload.swift in Sources */,
				OBJ_89 /* BaseTestCase.swift in Sources */,
				93683B7D1F1723D000775159 /* APIError.swift in Sources */,
				OBJ_90 /* BaseTestCaseTests.swift in Sources */,
				93683B9A1F18C2AE00775159 /* Codable+SoracomSDK.swift in Sources */,
				OBJ_91 /* BeamStatsTest.swift in Sources */,
				OBJ_92 /* CredentialTests.swift in Sources */,
				93DC95761F2881E700C6D9F5 /* AirStats.swift in Sources */,
				OBJ_93 /* DevelopmentEnvironmentTests.swift in Sources */,
				93683B981F1723D000775159 /* TextStyle.swift in Sources */,
				OBJ_94 /* IssueDebuggingTests.swift in Sources */,
				936DEAEF1F2AFF7A004FD2FE /* KeyedEncodingContainer+PayloadTests.swift in Sources */,
				93683B931F1723D000775159 /* RequestQueue.swift in Sources */,
				93683B841F1723D000775159 /* Data+SoracomSDK.swift in Sources */,
				OBJ_95 /* KeychainTests.swift in Sources */,
				OBJ_96 /* NSDate+SoracomAPITests.swift in Sources */,
				OBJ_97 /* PayloadTests.swift in Sources */,
				93683B8A1F1723D000775159 /* PayloadKey.swift in Sources */,
				OBJ_98 /* RegisterSIMTests.swift in Sources */,
				93683B871F1723D000775159 /* NSDate+SoracomAPI.swift in Sources */,
				932F74931F2C2F9B0031E770 /* JSONComparison.swift in Sources */,
				936DEAF71F2B101E004FD2FE /* ResponsePayloadTests.swift in Sources */,
				93770A771F2DA06500CBC9E3 /* JSONComparisonTests.swift in Sources */,
				93683B911F1723D000775159 /* Request+Subscriber.swift in Sources */,
				93683B851F1723D000775159 /* Group.swift in Sources */,
				93DC95821F28867700C6D9F5 /* CoverageType.swift in Sources */,
				93AF42841F1DCEF200A3BEE3 /* SerializationTests.swift in Sources */,
				93DC95731F2880FF00C6D9F5 /* DataTrafficStats.swift in Sources */,
				OBJ_99 /* Request+AuthTests.swift in Sources */,
				93683B7E1F1723D000775159 /* APIOperation.swift in Sources */,
				OBJ_100 /* Request+CredentialsTests.swift in Sources */,
				93AF42811F1DCCCB00A3BEE3 /* HTTPMethod.swift in Sources */,
				OBJ_101 /* Request+GroupTests.swift in Sources */,
				93683B831F1723D000775159 /* Credential.swift in Sources */,
				93AF42871F1DD50100A3BEE3 /* AuthResponse.swift in Sources */,
				OBJ_102 /* Request+SandboxTests.swift in Sources */,
				93683B8D1F1723D000775159 /* Request+Group.swift in Sources */,
				93DC95791F28837C00C6D9F5 /* PaymentMethodInfoWebPay.swift in Sources */,
				93683B811F1723D000775159 /* Client.swift in Sources */,
				931421371F2AD5F8002E5BBE /* KeyedEncodingContainer+Payload.swift in Sources */,
				OBJ_103 /* Request+SubscriberTests.swift in Sources */,
				93683B951F1723D000775159 /* Response.swift in Sources */,
				93683B941F1723D000775159 /* RequestResponseFormatter.swift in Sources */,
				OBJ_104 /* RequestTests.swift in Sources */,
				OBJ_105 /* ResponseTests.swift in Sources */,
				OBJ_106 /* SoracomCredentialsTests.swift in Sources */,
				93683B891F1723D000775159 /* PayloadConvertible.swift in Sources */,
				93683B971F1723D000775159 /* Subscriber.swift in Sources */,
				93683B8C1F1723D000775159 /* Request+Credentials.swift in Sources */,
				93DC957C1F28857600C6D9F5 /* Tag.swift in Sources */,
				OBJ_107 /* SubscriberTests.swift in Sources */,
			);
			runOnlyForDeploymentPostprocessing = 0;
		};
/* End PBXSourcesBuildPhase section */

/* Begin PBXTargetDependency section */
		OBJ_110 /* PBXTargetDependency */ = {
			isa = PBXTargetDependency;
			target = "SoracomSDKSwift::SoracomSDKSwift" /* SoracomSDKSwift */;
			targetProxy = 93683B791F16102D00775159 /* PBXContainerItemProxy */;
		};
		OBJ_148 /* PBXTargetDependency */ = {
			isa = PBXTargetDependency;
			target = "SoracomSDKSwift::SoracomSDKSwiftTests" /* SoracomSDKSwiftTests */;
			targetProxy = 93683B7A1F16102D00775159 /* PBXContainerItemProxy */;
		};
		OBJ_78 /* PBXTargetDependency */ = {
			isa = PBXTargetDependency;
			target = "SoracomSDKSwift::SoracomSDKSwift" /* SoracomSDKSwift */;
			targetProxy = 93683B781F16102D00775159 /* PBXContainerItemProxy */;
		};
/* End PBXTargetDependency section */

/* Begin XCBuildConfiguration section */
		OBJ_112 /* Debug */ = {
			isa = XCBuildConfiguration;
			buildSettings = {
				ENABLE_TESTABILITY = YES;
				FRAMEWORK_SEARCH_PATHS = (
					"$(inherited)",
					"$(PLATFORM_DIR)/Developer/Library/Frameworks",
				);
				HEADER_SEARCH_PATHS = "$(inherited)";
				INFOPLIST_FILE = SoracomSDKSwift.xcodeproj/SoracomSDKSwift_Info.plist;
				LD_RUNPATH_SEARCH_PATHS = "$(TOOLCHAIN_DIR)/usr/lib/swift/macosx";
				OTHER_LDFLAGS = "$(inherited)";
				OTHER_SWIFT_FLAGS = "$(inherited)";
				PRODUCT_BUNDLE_IDENTIFIER = SoracomSDKSwift;
				PRODUCT_MODULE_NAME = "$(TARGET_NAME:c99extidentifier)";
				PRODUCT_NAME = "$(TARGET_NAME:c99extidentifier)";
				SKIP_INSTALL = YES;
				SWIFT_VERSION = 4.0;
				TARGET_NAME = SoracomSDKSwift;
			};
			name = Debug;
		};
		OBJ_113 /* Release */ = {
			isa = XCBuildConfiguration;
			buildSettings = {
				ENABLE_TESTABILITY = YES;
				FRAMEWORK_SEARCH_PATHS = (
					"$(inherited)",
					"$(PLATFORM_DIR)/Developer/Library/Frameworks",
				);
				HEADER_SEARCH_PATHS = "$(inherited)";
				INFOPLIST_FILE = SoracomSDKSwift.xcodeproj/SoracomSDKSwift_Info.plist;
				LD_RUNPATH_SEARCH_PATHS = "$(TOOLCHAIN_DIR)/usr/lib/swift/macosx";
				OTHER_LDFLAGS = "$(inherited)";
				OTHER_SWIFT_FLAGS = "$(inherited)";
				PRODUCT_BUNDLE_IDENTIFIER = SoracomSDKSwift;
				PRODUCT_MODULE_NAME = "$(TARGET_NAME:c99extidentifier)";
				PRODUCT_NAME = "$(TARGET_NAME:c99extidentifier)";
				SKIP_INSTALL = YES;
				SWIFT_VERSION = 4.0;
				TARGET_NAME = SoracomSDKSwift;
			};
			name = Release;
		};
		OBJ_146 /* Debug */ = {
			isa = XCBuildConfiguration;
			buildSettings = {
			};
			name = Debug;
		};
		OBJ_147 /* Release */ = {
			isa = XCBuildConfiguration;
			buildSettings = {
			};
			name = Release;
		};
		OBJ_3 /* Debug */ = {
			isa = XCBuildConfiguration;
			buildSettings = {
				CLANG_ENABLE_OBJC_ARC = YES;
				COMBINE_HIDPI_IMAGES = YES;
				COPY_PHASE_STRIP = NO;
				DEBUG_INFORMATION_FORMAT = dwarf;
				DYLIB_INSTALL_NAME_BASE = "@rpath";
				ENABLE_NS_ASSERTIONS = YES;
				GCC_OPTIMIZATION_LEVEL = 0;
				MACOSX_DEPLOYMENT_TARGET = 10.12;
				ONLY_ACTIVE_ARCH = YES;
				OTHER_SWIFT_FLAGS = "-DXcode";
				PRODUCT_NAME = "$(TARGET_NAME)";
				SDKROOT = macosx;
				SUPPORTED_PLATFORMS = "macosx iphoneos iphonesimulator appletvos appletvsimulator watchos watchsimulator";
				SWIFT_ACTIVE_COMPILATION_CONDITIONS = SWIFT_PACKAGE;
				SWIFT_OPTIMIZATION_LEVEL = "-Onone";
				USE_HEADERMAP = NO;
			};
			name = Debug;
		};
		OBJ_4 /* Release */ = {
			isa = XCBuildConfiguration;
			buildSettings = {
				CLANG_ENABLE_OBJC_ARC = YES;
				COMBINE_HIDPI_IMAGES = YES;
				COPY_PHASE_STRIP = YES;
				DEBUG_INFORMATION_FORMAT = "dwarf-with-dsym";
				DYLIB_INSTALL_NAME_BASE = "@rpath";
				GCC_OPTIMIZATION_LEVEL = s;
				MACOSX_DEPLOYMENT_TARGET = 10.12;
				OTHER_SWIFT_FLAGS = "-DXcode";
				PRODUCT_NAME = "$(TARGET_NAME)";
				SDKROOT = macosx;
				SUPPORTED_PLATFORMS = "macosx iphoneos iphonesimulator appletvos appletvsimulator watchos watchsimulator";
				SWIFT_ACTIVE_COMPILATION_CONDITIONS = SWIFT_PACKAGE;
				SWIFT_OPTIMIZATION_LEVEL = "-Owholemodule";
				USE_HEADERMAP = NO;
			};
			name = Release;
		};
		OBJ_72 /* Debug */ = {
			isa = XCBuildConfiguration;
			buildSettings = {
				FRAMEWORK_SEARCH_PATHS = (
					"$(inherited)",
					"$(PLATFORM_DIR)/Developer/Library/Frameworks",
				);
				HEADER_SEARCH_PATHS = "$(inherited)";
				INFOPLIST_FILE = SoracomSDKSwift.xcodeproj/LinuxDemoAppForSoracomSDK_Info.plist;
				LD_RUNPATH_SEARCH_PATHS = "$(TOOLCHAIN_DIR)/usr/lib/swift/macosx @executable_path";
				MACOSX_DEPLOYMENT_TARGET = 10.12;
				OTHER_LDFLAGS = "$(inherited)";
				OTHER_SWIFT_FLAGS = "$(inherited)";
				SWIFT_FORCE_DYNAMIC_LINK_STDLIB = YES;
				SWIFT_FORCE_STATIC_LINK_STDLIB = NO;
				SWIFT_VERSION = 4.0;
				TARGET_NAME = LinuxDemoAppForSoracomSDK;
			};
			name = Debug;
		};
		OBJ_73 /* Release */ = {
			isa = XCBuildConfiguration;
			buildSettings = {
				FRAMEWORK_SEARCH_PATHS = (
					"$(inherited)",
					"$(PLATFORM_DIR)/Developer/Library/Frameworks",
				);
				HEADER_SEARCH_PATHS = "$(inherited)";
				INFOPLIST_FILE = SoracomSDKSwift.xcodeproj/LinuxDemoAppForSoracomSDK_Info.plist;
				LD_RUNPATH_SEARCH_PATHS = "$(TOOLCHAIN_DIR)/usr/lib/swift/macosx @executable_path";
				MACOSX_DEPLOYMENT_TARGET = 10.12;
				OTHER_LDFLAGS = "$(inherited)";
				OTHER_SWIFT_FLAGS = "$(inherited)";
				SWIFT_FORCE_DYNAMIC_LINK_STDLIB = YES;
				SWIFT_FORCE_STATIC_LINK_STDLIB = NO;
				SWIFT_VERSION = 4.0;
				TARGET_NAME = LinuxDemoAppForSoracomSDK;
			};
			name = Release;
		};
		OBJ_82 /* Debug */ = {
			isa = XCBuildConfiguration;
			buildSettings = {
				EMBEDDED_CONTENT_CONTAINS_SWIFT = YES;
				FRAMEWORK_SEARCH_PATHS = (
					"$(inherited)",
					"$(PLATFORM_DIR)/Developer/Library/Frameworks",
				);
				HEADER_SEARCH_PATHS = "$(inherited)";
				INFOPLIST_FILE = SoracomSDKSwift.xcodeproj/SoracomSDKSwiftTests_Info.plist;
				LD_RUNPATH_SEARCH_PATHS = "@loader_path/../Frameworks @loader_path/Frameworks";
				OTHER_LDFLAGS = "$(inherited)";
				OTHER_SWIFT_FLAGS = "$(inherited)";
				SWIFT_VERSION = 4.0;
				TARGET_NAME = SoracomSDKSwiftTests;
			};
			name = Debug;
		};
		OBJ_83 /* Release */ = {
			isa = XCBuildConfiguration;
			buildSettings = {
				EMBEDDED_CONTENT_CONTAINS_SWIFT = YES;
				FRAMEWORK_SEARCH_PATHS = (
					"$(inherited)",
					"$(PLATFORM_DIR)/Developer/Library/Frameworks",
				);
				HEADER_SEARCH_PATHS = "$(inherited)";
				INFOPLIST_FILE = SoracomSDKSwift.xcodeproj/SoracomSDKSwiftTests_Info.plist;
				LD_RUNPATH_SEARCH_PATHS = "@loader_path/../Frameworks @loader_path/Frameworks";
				OTHER_LDFLAGS = "$(inherited)";
				OTHER_SWIFT_FLAGS = "$(inherited)";
				SWIFT_VERSION = 4.0;
				TARGET_NAME = SoracomSDKSwiftTests;
			};
			name = Release;
		};
/* End XCBuildConfiguration section */

/* Begin XCConfigurationList section */
		OBJ_111 /* Build configuration list for PBXNativeTarget "SoracomSDKSwift" */ = {
			isa = XCConfigurationList;
			buildConfigurations = (
				OBJ_112 /* Debug */,
				OBJ_113 /* Release */,
			);
			defaultConfigurationIsVisible = 0;
			defaultConfigurationName = Debug;
		};
		OBJ_145 /* Build configuration list for PBXAggregateTarget "SoracomSDKSwiftPackageTests" */ = {
			isa = XCConfigurationList;
			buildConfigurations = (
				OBJ_146 /* Debug */,
				OBJ_147 /* Release */,
			);
			defaultConfigurationIsVisible = 0;
			defaultConfigurationName = Debug;
		};
		OBJ_2 /* Build configuration list for PBXProject "SoracomSDKSwift" */ = {
			isa = XCConfigurationList;
			buildConfigurations = (
				OBJ_3 /* Debug */,
				OBJ_4 /* Release */,
			);
			defaultConfigurationIsVisible = 0;
			defaultConfigurationName = Debug;
		};
		OBJ_71 /* Build configuration list for PBXNativeTarget "LinuxDemoAppForSoracomSDK" */ = {
			isa = XCConfigurationList;
			buildConfigurations = (
				OBJ_72 /* Debug */,
				OBJ_73 /* Release */,
			);
			defaultConfigurationIsVisible = 0;
			defaultConfigurationName = Debug;
		};
		OBJ_81 /* Build configuration list for PBXNativeTarget "SoracomSDKSwiftTests" */ = {
			isa = XCConfigurationList;
			buildConfigurations = (
				OBJ_82 /* Debug */,
				OBJ_83 /* Release */,
			);
			defaultConfigurationIsVisible = 0;
			defaultConfigurationName = Debug;
		};
/* End XCConfigurationList section */
	};
	rootObject = OBJ_1 /* Project object */;
}
