// !$*UTF8*$!
{
	archiveVersion = 1;
	classes = {
	};
	objectVersion = 46;
	objects = {

/* Begin PBXBuildFile section */
		934B493E1D543EFE00E70A83 /* ArgParser.swift in Sources */ = {isa = PBXBuildFile; fileRef = 934B493D1D543EFE00E70A83 /* ArgParser.swift */; };
		934B49401D544C1200E70A83 /* TaskWrapper.swift in Sources */ = {isa = PBXBuildFile; fileRef = 934B493F1D544C1200E70A83 /* TaskWrapper.swift */; };
		93704BA91D65A9CE005413D2 /* TextReplacer.swift in Sources */ = {isa = PBXBuildFile; fileRef = 93704BA81D65A9CE005413D2 /* TextReplacer.swift */; };
		93EE4BF21D541F30001BF98B /* main.swift in Sources */ = {isa = PBXBuildFile; fileRef = 93EE4BF11D541F30001BF98B /* main.swift */; };
		93EE4BFA1D54222F001BF98B /* Swaggerer.swift in Sources */ = {isa = PBXBuildFile; fileRef = 93EE4BF91D54222F001BF98B /* Swaggerer.swift */; };
/* End PBXBuildFile section */

/* Begin PBXCopyFilesBuildPhase section */
		93EE4BEC1D541F30001BF98B /* CopyFiles */ = {
			isa = PBXCopyFilesBuildPhase;
			buildActionMask = 2147483647;
			dstPath = /usr/share/man/man1/;
			dstSubfolderSpec = 0;
			files = (
			);
			runOnlyForDeploymentPostprocessing = 1;
		};
/* End PBXCopyFilesBuildPhase section */

/* Begin PBXFileReference section */
		934B493D1D543EFE00E70A83 /* ArgParser.swift */ = {isa = PBXFileReference; fileEncoding = 4; lastKnownFileType = sourcecode.swift; path = ArgParser.swift; sourceTree = "<group>"; };
		934B493F1D544C1200E70A83 /* TaskWrapper.swift */ = {isa = PBXFileReference; fileEncoding = 4; lastKnownFileType = sourcecode.swift; path = TaskWrapper.swift; sourceTree = "<group>"; };
		934FDF621D582A890075DB38 /* soracom-api.en.json */ = {isa = PBXFileReference; lastKnownFileType = text.json; path = "soracom-api.en.json"; sourceTree = "<group>"; };
		93704BA81D65A9CE005413D2 /* TextReplacer.swift */ = {isa = PBXFileReference; fileEncoding = 4; lastKnownFileType = sourcecode.swift; path = TextReplacer.swift; sourceTree = "<group>"; };
		93A86C6F1D57FF8800512B43 /* swagger-templates-for-soracom-sdk-swift */ = {isa = PBXFileReference; lastKnownFileType = folder; path = "swagger-templates-for-soracom-sdk-swift"; sourceTree = SOURCE_ROOT; };
		93A86C701D57FF8800512B43 /* swagger-templates-original */ = {isa = PBXFileReference; lastKnownFileType = folder; path = "swagger-templates-original"; sourceTree = SOURCE_ROOT; };
		93A86C711D58033200512B43 /* swagger-output-default-example */ = {isa = PBXFileReference; lastKnownFileType = folder; path = "swagger-output-default-example"; sourceTree = "<group>"; };
		93EE4BEE1D541F30001BF98B /* CodeGeneratorForSoracomSDKSwift */ = {isa = PBXFileReference; explicitFileType = "compiled.mach-o.executable"; includeInIndex = 0; path = CodeGeneratorForSoracomSDKSwift; sourceTree = BUILT_PRODUCTS_DIR; };
		93EE4BF11D541F30001BF98B /* main.swift */ = {isa = PBXFileReference; lastKnownFileType = sourcecode.swift; path = main.swift; sourceTree = "<group>"; };
		93EE4BF81D541F71001BF98B /* README-CodeGeneratorForSoracomSDKSwift.md */ = {isa = PBXFileReference; lastKnownFileType = net.daringfireball.markdown; path = "README-CodeGeneratorForSoracomSDKSwift.md"; sourceTree = "<group>"; };
		93EE4BF91D54222F001BF98B /* Swaggerer.swift */ = {isa = PBXFileReference; fileEncoding = 4; lastKnownFileType = sourcecode.swift; path = Swaggerer.swift; sourceTree = "<group>"; };
/* End PBXFileReference section */

/* Begin PBXFrameworksBuildPhase section */
		93EE4BEB1D541F30001BF98B /* Frameworks */ = {
			isa = PBXFrameworksBuildPhase;
			buildActionMask = 2147483647;
			files = (
			);
			runOnlyForDeploymentPostprocessing = 0;
		};
/* End PBXFrameworksBuildPhase section */

/* Begin PBXGroup section */
		93EE4BE51D541F30001BF98B = {
			isa = PBXGroup;
			children = (
				93EE4BF81D541F71001BF98B /* README-CodeGeneratorForSoracomSDKSwift.md */,
				93EE4BF01D541F30001BF98B /* CodeGeneratorForSoracomSDKSwift */,
				93A86C6F1D57FF8800512B43 /* swagger-templates-for-soracom-sdk-swift */,
				93A86C701D57FF8800512B43 /* swagger-templates-original */,
				93A86C711D58033200512B43 /* swagger-output-default-example */,
				934FDF621D582A890075DB38 /* soracom-api.en.json */,
				93EE4BEF1D541F30001BF98B /* Products */,
			);
			sourceTree = "<group>";
		};
		93EE4BEF1D541F30001BF98B /* Products */ = {
			isa = PBXGroup;
			children = (
				93EE4BEE1D541F30001BF98B /* CodeGeneratorForSoracomSDKSwift */,
			);
			name = Products;
			sourceTree = "<group>";
		};
		93EE4BF01D541F30001BF98B /* CodeGeneratorForSoracomSDKSwift */ = {
			isa = PBXGroup;
			children = (
				934B493D1D543EFE00E70A83 /* ArgParser.swift */,
				93EE4BF11D541F30001BF98B /* main.swift */,
				93EE4BF91D54222F001BF98B /* Swaggerer.swift */,
				934B493F1D544C1200E70A83 /* TaskWrapper.swift */,
				93704BA81D65A9CE005413D2 /* TextReplacer.swift */,
			);
			path = CodeGeneratorForSoracomSDKSwift;
			sourceTree = "<group>";
		};
/* End PBXGroup section */

/* Begin PBXNativeTarget section */
		93EE4BED1D541F30001BF98B /* CodeGeneratorForSoracomSDKSwift */ = {
			isa = PBXNativeTarget;
			buildConfigurationList = 93EE4BF51D541F30001BF98B /* Build configuration list for PBXNativeTarget "CodeGeneratorForSoracomSDKSwift" */;
			buildPhases = (
				93EE4BEA1D541F30001BF98B /* Sources */,
				93EE4BEB1D541F30001BF98B /* Frameworks */,
				93EE4BEC1D541F30001BF98B /* CopyFiles */,
			);
			buildRules = (
			);
			dependencies = (
			);
			name = CodeGeneratorForSoracomSDKSwift;
			productName = CodeGeneratorForSoracomSDKSwift;
			productReference = 93EE4BEE1D541F30001BF98B /* CodeGeneratorForSoracomSDKSwift */;
			productType = "com.apple.product-type.tool";
		};
/* End PBXNativeTarget section */

/* Begin PBXProject section */
		93EE4BE61D541F30001BF98B /* Project object */ = {
			isa = PBXProject;
			attributes = {
				LastSwiftUpdateCheck = 0800;
				LastUpgradeCheck = 0800;
				ORGANIZATIONNAME = "Soracom, Inc.";
				TargetAttributes = {
					93EE4BED1D541F30001BF98B = {
						CreatedOnToolsVersion = 8.0;
						DevelopmentTeam = 6PWR9U8YY9;
						ProvisioningStyle = Automatic;
					};
				};
			};
			buildConfigurationList = 93EE4BE91D541F30001BF98B /* Build configuration list for PBXProject "CodeGeneratorForSoracomSDKSwift" */;
			compatibilityVersion = "Xcode 3.2";
			developmentRegion = English;
			hasScannedForEncodings = 0;
			knownRegions = (
				en,
			);
			mainGroup = 93EE4BE51D541F30001BF98B;
			productRefGroup = 93EE4BEF1D541F30001BF98B /* Products */;
			projectDirPath = "";
			projectRoot = "";
			targets = (
				93EE4BED1D541F30001BF98B /* CodeGeneratorForSoracomSDKSwift */,
			);
		};
/* End PBXProject section */

/* Begin PBXSourcesBuildPhase section */
		93EE4BEA1D541F30001BF98B /* Sources */ = {
			isa = PBXSourcesBuildPhase;
			buildActionMask = 2147483647;
			files = (
				93704BA91D65A9CE005413D2 /* TextReplacer.swift in Sources */,
				934B49401D544C1200E70A83 /* TaskWrapper.swift in Sources */,
				93EE4BF21D541F30001BF98B /* main.swift in Sources */,
				93EE4BFA1D54222F001BF98B /* Swaggerer.swift in Sources */,
				934B493E1D543EFE00E70A83 /* ArgParser.swift in Sources */,
			);
			runOnlyForDeploymentPostprocessing = 0;
		};
/* End PBXSourcesBuildPhase section */

/* Begin XCBuildConfiguration section */
		93EE4BF31D541F30001BF98B /* Debug */ = {
			isa = XCBuildConfiguration;
			buildSettings = {
				ALWAYS_SEARCH_USER_PATHS = NO;
				CLANG_ANALYZER_NONNULL = YES;
				CLANG_CXX_LANGUAGE_STANDARD = "gnu++0x";
				CLANG_CXX_LIBRARY = "libc++";
				CLANG_ENABLE_MODULES = YES;
				CLANG_ENABLE_OBJC_ARC = YES;
				CLANG_WARN_BOOL_CONVERSION = YES;
				CLANG_WARN_CONSTANT_CONVERSION = YES;
				CLANG_WARN_DIRECT_OBJC_ISA_USAGE = YES_ERROR;
				CLANG_WARN_DOCUMENTATION_COMMENTS = YES;
				CLANG_WARN_EMPTY_BODY = YES;
				CLANG_WARN_ENUM_CONVERSION = YES;
				CLANG_WARN_INFINITE_RECURSION = YES;
				CLANG_WARN_INT_CONVERSION = YES;
				CLANG_WARN_OBJC_ROOT_CLASS = YES_ERROR;
				CLANG_WARN_SUSPICIOUS_MOVES = YES;
				CLANG_WARN_UNREACHABLE_CODE = YES;
				CLANG_WARN__DUPLICATE_METHOD_MATCH = YES;
				CODE_SIGN_IDENTITY = "-";
				COPY_PHASE_STRIP = NO;
				DEBUG_INFORMATION_FORMAT = dwarf;
				ENABLE_STRICT_OBJC_MSGSEND = YES;
				ENABLE_TESTABILITY = YES;
				GCC_C_LANGUAGE_STANDARD = gnu99;
				GCC_DYNAMIC_NO_PIC = NO;
				GCC_NO_COMMON_BLOCKS = YES;
				GCC_OPTIMIZATION_LEVEL = 0;
				GCC_PREPROCESSOR_DEFINITIONS = (
					"DEBUG=1",
					"$(inherited)",
				);
				GCC_WARN_64_TO_32_BIT_CONVERSION = YES;
				GCC_WARN_ABOUT_RETURN_TYPE = YES_ERROR;
				GCC_WARN_UNDECLARED_SELECTOR = YES;
				GCC_WARN_UNINITIALIZED_AUTOS = YES_AGGRESSIVE;
				GCC_WARN_UNUSED_FUNCTION = YES;
				GCC_WARN_UNUSED_VARIABLE = YES;
				MACOSX_DEPLOYMENT_TARGET = 10.11;
				MTL_ENABLE_DEBUG_INFO = YES;
				ONLY_ACTIVE_ARCH = YES;
				SDKROOT = macosx;
				SWIFT_OPTIMIZATION_LEVEL = "-Onone";
			};
			name = Debug;
		};
		93EE4BF41D541F30001BF98B /* Release */ = {
			isa = XCBuildConfiguration;
			buildSettings = {
				ALWAYS_SEARCH_USER_PATHS = NO;
				CLANG_ANALYZER_NONNULL = YES;
				CLANG_CXX_LANGUAGE_STANDARD = "gnu++0x";
				CLANG_CXX_LIBRARY = "libc++";
				CLANG_ENABLE_MODULES = YES;
				CLANG_ENABLE_OBJC_ARC = YES;
				CLANG_WARN_BOOL_CONVERSION = YES;
				CLANG_WARN_CONSTANT_CONVERSION = YES;
				CLANG_WARN_DIRECT_OBJC_ISA_USAGE = YES_ERROR;
				CLANG_WARN_DOCUMENTATION_COMMENTS = YES;
				CLANG_WARN_EMPTY_BODY = YES;
				CLANG_WARN_ENUM_CONVERSION = YES;
				CLANG_WARN_INFINITE_RECURSION = YES;
				CLANG_WARN_INT_CONVERSION = YES;
				CLANG_WARN_OBJC_ROOT_CLASS = YES_ERROR;
				CLANG_WARN_SUSPICIOUS_MOVES = YES;
				CLANG_WARN_UNREACHABLE_CODE = YES;
				CLANG_WARN__DUPLICATE_METHOD_MATCH = YES;
				CODE_SIGN_IDENTITY = "-";
				COPY_PHASE_STRIP = NO;
				DEBUG_INFORMATION_FORMAT = "dwarf-with-dsym";
				ENABLE_NS_ASSERTIONS = NO;
				ENABLE_STRICT_OBJC_MSGSEND = YES;
				GCC_C_LANGUAGE_STANDARD = gnu99;
				GCC_NO_COMMON_BLOCKS = YES;
				GCC_WARN_64_TO_32_BIT_CONVERSION = YES;
				GCC_WARN_ABOUT_RETURN_TYPE = YES_ERROR;
				GCC_WARN_UNDECLARED_SELECTOR = YES;
				GCC_WARN_UNINITIALIZED_AUTOS = YES_AGGRESSIVE;
				GCC_WARN_UNUSED_FUNCTION = YES;
				GCC_WARN_UNUSED_VARIABLE = YES;
				MACOSX_DEPLOYMENT_TARGET = 10.11;
				MTL_ENABLE_DEBUG_INFO = NO;
				SDKROOT = macosx;
			};
			name = Release;
		};
		93EE4BF61D541F30001BF98B /* Debug */ = {
			isa = XCBuildConfiguration;
			buildSettings = {
				DEVELOPMENT_TEAM = 6PWR9U8YY9;
				MACOSX_DEPLOYMENT_TARGET = 10.12;
				PRODUCT_NAME = "$(TARGET_NAME)";
				SWIFT_VERSION = 3.0;
			};
			name = Debug;
		};
		93EE4BF71D541F30001BF98B /* Release */ = {
			isa = XCBuildConfiguration;
			buildSettings = {
				DEVELOPMENT_TEAM = 6PWR9U8YY9;
				MACOSX_DEPLOYMENT_TARGET = 10.12;
				PRODUCT_NAME = "$(TARGET_NAME)";
				SWIFT_VERSION = 3.0;
			};
			name = Release;
		};
/* End XCBuildConfiguration section */

/* Begin XCConfigurationList section */
		93EE4BE91D541F30001BF98B /* Build configuration list for PBXProject "CodeGeneratorForSoracomSDKSwift" */ = {
			isa = XCConfigurationList;
			buildConfigurations = (
				93EE4BF31D541F30001BF98B /* Debug */,
				93EE4BF41D541F30001BF98B /* Release */,
			);
			defaultConfigurationIsVisible = 0;
			defaultConfigurationName = Release;
		};
		93EE4BF51D541F30001BF98B /* Build configuration list for PBXNativeTarget "CodeGeneratorForSoracomSDKSwift" */ = {
			isa = XCConfigurationList;
			buildConfigurations = (
				93EE4BF61D541F30001BF98B /* Debug */,
				93EE4BF71D541F30001BF98B /* Release */,
			);
			defaultConfigurationIsVisible = 0;
			defaultConfigurationName = Release;
		};
/* End XCConfigurationList section */
	};
	rootObject = 93EE4BE61D541F30001BF98B /* Project object */;
}
